{
    "name": "single-bin",
    "lockfileVersion": 2,
    "requires": true,
    "packages": {
        "": {
            "bin": {
                "single-bin": "bin/singe-bin"
            },
            "devDependencies": {
                "win-bin-gen": "../../.."
            }
        },
        "../..": {
            "extraneous": true
        },
        "../../..": {
            "version": "1.0.0",
            "dev": true,
            "license": "ISC",
            "bin": {
                "win-bin-gen": "bin/win-bin-gen"
            }
        },
        "node_modules/win-bin-gen": {
            "resolved": "../../..",
            "link": true
        }
    },
    "dependencies": {
        "win-bin-gen": {
            "version": "file:../../.."
        }
    }
}
